
Microsoft Visual Studio Solution File, Format Version 12.00
# Visual Studio Version 16
VisualStudioVersion = 16.0.32901.82
MinimumVisualStudioVersion = 10.0.40219.1
Project("{FAE04EC0-301F-11D3-BF4B-00C04F79EFBC}") = "DevIO.App", "src\DevIO.App\DevIO.App.csproj", "{FE5D4D6D-F211-4792-8F78-AA0935BF56E2}"
EndProject
Project("{FAE04EC0-301F-11D3-BF4B-00C04F79EFBC}") = "DevIO.Business", "src\DevIO.Business\DevIO.Business.csproj", "{210985A1-29F0-4A3C-BA93-6804FDF00C19}"
EndProject
Project("{FAE04EC0-301F-11D3-BF4B-00C04F79EFBC}") = "DevIO.Data", "src\DevIO.Data\DevIO.Data.csproj", "{646D0CA5-7DF0-4B42-B31A-7D4D46564D0D}"
EndProject
Global
	GlobalSection(SolutionConfigurationPlatforms) = preSolution
		Debug|Any CPU = Debug|Any CPU
		Release|Any CPU = Release|Any CPU
	EndGlobalSection
	GlobalSection(ProjectConfigurationPlatforms) = postSolution
		{FE5D4D6D-F211-4792-8F78-AA0935BF56E2}.Debug|Any CPU.ActiveCfg = Debug|Any CPU
		{FE5D4D6D-F211-4792-8F78-AA0935BF56E2}.Debug|Any CPU.Build.0 = Debug|Any CPU
		{FE5D4D6D-F211-4792-8F78-AA0935BF56E2}.Release|Any CPU.ActiveCfg = Release|Any CPU
		{FE5D4D6D-F211-4792-8F78-AA0935BF56E2}.Release|Any CPU.Build.0 = Release|Any CPU
		{210985A1-29F0-4A3C-BA93-6804FDF00C19}.Debug|Any CPU.ActiveCfg = Debug|Any CPU
		{210985A1-29F0-4A3C-BA93-6804FDF00C19}.Debug|Any CPU.Build.0 = Debug|Any CPU
		{210985A1-29F0-4A3C-BA93-6804FDF00C19}.Release|Any CPU.ActiveCfg = Release|Any CPU
		{210985A1-29F0-4A3C-BA93-6804FDF00C19}.Release|Any CPU.Build.0 = Release|Any CPU
		{646D0CA5-7DF0-4B42-B31A-7D4D46564D0D}.Debug|Any CPU.ActiveCfg = Debug|Any CPU
		{646D0CA5-7DF0-4B42-B31A-7D4D46564D0D}.Debug|Any CPU.Build.0 = Debug|Any CPU
		{646D0CA5-7DF0-4B42-B31A-7D4D46564D0D}.Release|Any CPU.ActiveCfg = Release|Any CPU
		{646D0CA5-7DF0-4B42-B31A-7D4D46564D0D}.Release|Any CPU.Build.0 = Release|Any CPU
	EndGlobalSection
	GlobalSection(SolutionProperties) = preSolution
		HideSolutionNode = FALSE
	EndGlobalSection
	GlobalSection(ExtensibilityGlobals) = postSolution
		SolutionGuid = {A0504533-E14F-41D6-9068-1F79F0A3A6C3}
	EndGlobalSection
EndGlobal
